// !$*UTF8*$!
{
	archiveVersion = 1;
	classes = {
	};
	objectVersion = 46;
	objects = {

/* Begin PBXBuildFile section */
		6B09CC851C9430D7007281FA /* AppDelegate.swift in Sources */ = {isa = PBXBuildFile; fileRef = 6B09CC841C9430D7007281FA /* AppDelegate.swift */; };
		6B09CC871C9430D7007281FA /* GameScene.sks in Resources */ = {isa = PBXBuildFile; fileRef = 6B09CC861C9430D7007281FA /* GameScene.sks */; };
		6B09CC891C9430D7007281FA /* GameScene.swift in Sources */ = {isa = PBXBuildFile; fileRef = 6B09CC881C9430D7007281FA /* GameScene.swift */; };
		6B09CC8B1C9430D7007281FA /* GameViewController.swift in Sources */ = {isa = PBXBuildFile; fileRef = 6B09CC8A1C9430D7007281FA /* GameViewController.swift */; };
		6B09CC8E1C9430D7007281FA /* Main.storyboard in Resources */ = {isa = PBXBuildFile; fileRef = 6B09CC8C1C9430D7007281FA /* Main.storyboard */; };
		6B09CC901C9430D7007281FA /* Assets.xcassets in Resources */ = {isa = PBXBuildFile; fileRef = 6B09CC8F1C9430D7007281FA /* Assets.xcassets */; };
		6B09CC931C9430D7007281FA /* LaunchScreen.storyboard in Resources */ = {isa = PBXBuildFile; fileRef = 6B09CC911C9430D7007281FA /* LaunchScreen.storyboard */; };
		6B09CC9E1C9430D7007281FA /* BouncyTests.swift in Sources */ = {isa = PBXBuildFile; fileRef = 6B09CC9D1C9430D7007281FA /* BouncyTests.swift */; };
		6B09CCA91C9430D7007281FA /* BouncyUITests.swift in Sources */ = {isa = PBXBuildFile; fileRef = 6B09CCA81C9430D7007281FA /* BouncyUITests.swift */; };
		6B3B35D71C946D9F008D49C1 /* texture.atlas in Resources */ = {isa = PBXBuildFile; fileRef = 6B3B35D61C946D9F008D49C1 /* texture.atlas */; };
		6B3B35D91C946EB5008D49C1 /* OtherGameScene.sks in Resources */ = {isa = PBXBuildFile; fileRef = 6B3B35D81C946EB5008D49C1 /* OtherGameScene.sks */; };
		6B3B35DB1C947086008D49C1 /* OtherGameScene.swift in Sources */ = {isa = PBXBuildFile; fileRef = 6B3B35DA1C947086008D49C1 /* OtherGameScene.swift */; };
		6B3B35DD1C94725F008D49C1 /* MenuViewController.swift in Sources */ = {isa = PBXBuildFile; fileRef = 6B3B35DC1C94725F008D49C1 /* MenuViewController.swift */; };
		6B7BB3C41C985FD600A2D4A1 /* LevelSelectorCVC.swift in Sources */ = {isa = PBXBuildFile; fileRef = 6B7BB3C31C985FD600A2D4A1 /* LevelSelectorCVC.swift */; };
		6BD098381C9AD71700F7EE5A /* Stopwatch.swift in Sources */ = {isa = PBXBuildFile; fileRef = 6BD098371C9AD71700F7EE5A /* Stopwatch.swift */; };
		6BD0983D1C9B6E9000F7EE5A /* Levels in Resources */ = {isa = PBXBuildFile; fileRef = 6BD0983C1C9B6E9000F7EE5A /* Levels */; };
/* End PBXBuildFile section */

/* Begin PBXContainerItemProxy section */
		6B09CC9A1C9430D7007281FA /* PBXContainerItemProxy */ = {
			isa = PBXContainerItemProxy;
			containerPortal = 6B09CC791C9430D6007281FA /* Project object */;
			proxyType = 1;
			remoteGlobalIDString = 6B09CC801C9430D6007281FA;
			remoteInfo = Bouncy;
		};
		6B09CCA51C9430D7007281FA /* PBXContainerItemProxy */ = {
			isa = PBXContainerItemProxy;
			containerPortal = 6B09CC791C9430D6007281FA /* Project object */;
			proxyType = 1;
			remoteGlobalIDString = 6B09CC801C9430D6007281FA;
			remoteInfo = Bouncy;
		};
/* End PBXContainerItemProxy section */

/* Begin PBXFileReference section */
		6B09CC811C9430D6007281FA /* Bouncy.app */ = {isa = PBXFileReference; explicitFileType = wrapper.application; includeInIndex = 0; path = Bouncy.app; sourceTree = BUILT_PRODUCTS_DIR; };
		6B09CC841C9430D7007281FA /* AppDelegate.swift */ = {isa = PBXFileReference; lastKnownFileType = sourcecode.swift; path = AppDelegate.swift; sourceTree = "<group>"; };
		6B09CC861C9430D7007281FA /* GameScene.sks */ = {isa = PBXFileReference; lastKnownFileType = file.sks; path = GameScene.sks; sourceTree = "<group>"; };
		6B09CC881C9430D7007281FA /* GameScene.swift */ = {isa = PBXFileReference; lastKnownFileType = sourcecode.swift; path = GameScene.swift; sourceTree = "<group>"; };
		6B09CC8A1C9430D7007281FA /* GameViewController.swift */ = {isa = PBXFileReference; lastKnownFileType = sourcecode.swift; path = GameViewController.swift; sourceTree = "<group>"; };
		6B09CC8D1C9430D7007281FA /* Base */ = {isa = PBXFileReference; lastKnownFileType = file.storyboard; name = Base; path = Base.lproj/Main.storyboard; sourceTree = "<group>"; };
		6B09CC8F1C9430D7007281FA /* Assets.xcassets */ = {isa = PBXFileReference; lastKnownFileType = folder.assetcatalog; path = Assets.xcassets; sourceTree = "<group>"; };
		6B09CC921C9430D7007281FA /* Base */ = {isa = PBXFileReference; lastKnownFileType = file.storyboard; name = Base; path = Base.lproj/LaunchScreen.storyboard; sourceTree = "<group>"; };
		6B09CC941C9430D7007281FA /* Info.plist */ = {isa = PBXFileReference; lastKnownFileType = text.plist.xml; path = Info.plist; sourceTree = "<group>"; };
		6B09CC991C9430D7007281FA /* BouncyTests.xctest */ = {isa = PBXFileReference; explicitFileType = wrapper.cfbundle; includeInIndex = 0; path = BouncyTests.xctest; sourceTree = BUILT_PRODUCTS_DIR; };
		6B09CC9D1C9430D7007281FA /* BouncyTests.swift */ = {isa = PBXFileReference; lastKnownFileType = sourcecode.swift; path = BouncyTests.swift; sourceTree = "<group>"; };
		6B09CC9F1C9430D7007281FA /* Info.plist */ = {isa = PBXFileReference; lastKnownFileType = text.plist.xml; path = Info.plist; sourceTree = "<group>"; };
		6B09CCA41C9430D7007281FA /* BouncyUITests.xctest */ = {isa = PBXFileReference; explicitFileType = wrapper.cfbundle; includeInIndex = 0; path = BouncyUITests.xctest; sourceTree = BUILT_PRODUCTS_DIR; };
		6B09CCA81C9430D7007281FA /* BouncyUITests.swift */ = {isa = PBXFileReference; lastKnownFileType = sourcecode.swift; path = BouncyUITests.swift; sourceTree = "<group>"; };
		6B09CCAA1C9430D7007281FA /* Info.plist */ = {isa = PBXFileReference; lastKnownFileType = text.plist.xml; path = Info.plist; sourceTree = "<group>"; };
		6B3B35D61C946D9F008D49C1 /* texture.atlas */ = {isa = PBXFileReference; lastKnownFileType = folder.skatlas; path = texture.atlas; sourceTree = "<group>"; };
		6B3B35D81C946EB5008D49C1 /* OtherGameScene.sks */ = {isa = PBXFileReference; lastKnownFileType = file.sks; path = OtherGameScene.sks; sourceTree = "<group>"; };
		6B3B35DA1C947086008D49C1 /* OtherGameScene.swift */ = {isa = PBXFileReference; fileEncoding = 4; lastKnownFileType = sourcecode.swift; path = OtherGameScene.swift; sourceTree = "<group>"; };
		6B3B35DC1C94725F008D49C1 /* MenuViewController.swift */ = {isa = PBXFileReference; fileEncoding = 4; lastKnownFileType = sourcecode.swift; path = MenuViewController.swift; sourceTree = "<group>"; };
		6B7BB3C31C985FD600A2D4A1 /* LevelSelectorCVC.swift */ = {isa = PBXFileReference; fileEncoding = 4; lastKnownFileType = sourcecode.swift; path = LevelSelectorCVC.swift; sourceTree = "<group>"; };
		6BD098371C9AD71700F7EE5A /* Stopwatch.swift */ = {isa = PBXFileReference; fileEncoding = 4; lastKnownFileType = sourcecode.swift; path = Stopwatch.swift; sourceTree = "<group>"; };
		6BD0983C1C9B6E9000F7EE5A /* Levels */ = {isa = PBXFileReference; lastKnownFileType = folder; path = Levels; sourceTree = "<group>"; };
/* End PBXFileReference section */

/* Begin PBXFrameworksBuildPhase section */
		6B09CC7E1C9430D6007281FA /* Frameworks */ = {
			isa = PBXFrameworksBuildPhase;
			buildActionMask = 2147483647;
			files = (
			);
			runOnlyForDeploymentPostprocessing = 0;
		};
		6B09CC961C9430D7007281FA /* Frameworks */ = {
			isa = PBXFrameworksBuildPhase;
			buildActionMask = 2147483647;
			files = (
			);
			runOnlyForDeploymentPostprocessing = 0;
		};
		6B09CCA11C9430D7007281FA /* Frameworks */ = {
			isa = PBXFrameworksBuildPhase;
			buildActionMask = 2147483647;
			files = (
			);
			runOnlyForDeploymentPostprocessing = 0;
		};
/* End PBXFrameworksBuildPhase section */

/* Begin PBXGroup section */
		6B09CC781C9430D6007281FA = {
			isa = PBXGroup;
			children = (
				6B09CC831C9430D7007281FA /* Bouncy */,
				6B09CC9C1C9430D7007281FA /* BouncyTests */,
				6B09CCA71C9430D7007281FA /* BouncyUITests */,
				6B09CC821C9430D7007281FA /* Products */,
			);
			sourceTree = "<group>";
		};
		6B09CC821C9430D7007281FA /* Products */ = {
			isa = PBXGroup;
			children = (
				6B09CC811C9430D6007281FA /* Bouncy.app */,
				6B09CC991C9430D7007281FA /* BouncyTests.xctest */,
				6B09CCA41C9430D7007281FA /* BouncyUITests.xctest */,
			);
			name = Products;
			sourceTree = "<group>";
		};
		6B09CC831C9430D7007281FA /* Bouncy */ = {
			isa = PBXGroup;
			children = (
				6B09CC841C9430D7007281FA /* AppDelegate.swift */,
				6B09CC861C9430D7007281FA /* GameScene.sks */,
				6B3B35D81C946EB5008D49C1 /* OtherGameScene.sks */,
				6B09CC881C9430D7007281FA /* GameScene.swift */,
				6B3B35DA1C947086008D49C1 /* OtherGameScene.swift */,
				6B09CC8A1C9430D7007281FA /* GameViewController.swift */,
				6BD098371C9AD71700F7EE5A /* Stopwatch.swift */,
				6B09CC8C1C9430D7007281FA /* Main.storyboard */,
				6B7BB3C31C985FD600A2D4A1 /* LevelSelectorCVC.swift */,
				6B3B35DC1C94725F008D49C1 /* MenuViewController.swift */,
				6B09CC8F1C9430D7007281FA /* Assets.xcassets */,
				6B09CC911C9430D7007281FA /* LaunchScreen.storyboard */,
				6B09CC941C9430D7007281FA /* Info.plist */,
				6BD0983C1C9B6E9000F7EE5A /* Levels */,
				6B3B35D61C946D9F008D49C1 /* texture.atlas */,
			);
			path = Bouncy;
			sourceTree = "<group>";
		};
		6B09CC9C1C9430D7007281FA /* BouncyTests */ = {
			isa = PBXGroup;
			children = (
				6B09CC9D1C9430D7007281FA /* BouncyTests.swift */,
				6B09CC9F1C9430D7007281FA /* Info.plist */,
			);
			path = BouncyTests;
			sourceTree = "<group>";
		};
		6B09CCA71C9430D7007281FA /* BouncyUITests */ = {
			isa = PBXGroup;
			children = (
				6B09CCA81C9430D7007281FA /* BouncyUITests.swift */,
				6B09CCAA1C9430D7007281FA /* Info.plist */,
			);
			path = BouncyUITests;
			sourceTree = "<group>";
		};
/* End PBXGroup section */

/* Begin PBXNativeTarget section */
		6B09CC801C9430D6007281FA /* Bouncy */ = {
			isa = PBXNativeTarget;
			buildConfigurationList = 6B09CCAD1C9430D7007281FA /* Build configuration list for PBXNativeTarget "Bouncy" */;
			buildPhases = (
				6B09CC7D1C9430D6007281FA /* Sources */,
				6B09CC7E1C9430D6007281FA /* Frameworks */,
				6B09CC7F1C9430D6007281FA /* Resources */,
			);
			buildRules = (
			);
			dependencies = (
			);
			name = Bouncy;
			productName = Bouncy;
			productReference = 6B09CC811C9430D6007281FA /* Bouncy.app */;
			productType = "com.apple.product-type.application";
		};
		6B09CC981C9430D7007281FA /* BouncyTests */ = {
			isa = PBXNativeTarget;
			buildConfigurationList = 6B09CCB01C9430D7007281FA /* Build configuration list for PBXNativeTarget "BouncyTests" */;
			buildPhases = (
				6B09CC951C9430D7007281FA /* Sources */,
				6B09CC961C9430D7007281FA /* Frameworks */,
				6B09CC971C9430D7007281FA /* Resources */,
			);
			buildRules = (
			);
			dependencies = (
				6B09CC9B1C9430D7007281FA /* PBXTargetDependency */,
			);
			name = BouncyTests;
			productName = BouncyTests;
			productReference = 6B09CC991C9430D7007281FA /* BouncyTests.xctest */;
			productType = "com.apple.product-type.bundle.unit-test";
		};
		6B09CCA31C9430D7007281FA /* BouncyUITests */ = {
			isa = PBXNativeTarget;
			buildConfigurationList = 6B09CCB31C9430D7007281FA /* Build configuration list for PBXNativeTarget "BouncyUITests" */;
			buildPhases = (
				6B09CCA01C9430D7007281FA /* Sources */,
				6B09CCA11C9430D7007281FA /* Frameworks */,
				6B09CCA21C9430D7007281FA /* Resources */,
			);
			buildRules = (
			);
			dependencies = (
				6B09CCA61C9430D7007281FA /* PBXTargetDependency */,
			);
			name = BouncyUITests;
			productName = BouncyUITests;
			productReference = 6B09CCA41C9430D7007281FA /* BouncyUITests.xctest */;
			productType = "com.apple.product-type.bundle.ui-testing";
		};
/* End PBXNativeTarget section */

/* Begin PBXProject section */
		6B09CC791C9430D6007281FA /* Project object */ = {
			isa = PBXProject;
			attributes = {
				LastSwiftUpdateCheck = 0720;
				LastUpgradeCheck = 0720;
				ORGANIZATIONNAME = "Badr AlKhamissi";
				TargetAttributes = {
					6B09CC801C9430D6007281FA = {
						CreatedOnToolsVersion = 7.2.1;
						DevelopmentTeam = 5447RSPNK9;
					};
					6B09CC981C9430D7007281FA = {
						CreatedOnToolsVersion = 7.2.1;
						DevelopmentTeam = 5447RSPNK9;
						TestTargetID = 6B09CC801C9430D6007281FA;
					};
					6B09CCA31C9430D7007281FA = {
						CreatedOnToolsVersion = 7.2.1;
						DevelopmentTeam = 5447RSPNK9;
						TestTargetID = 6B09CC801C9430D6007281FA;
					};
				};
			};
			buildConfigurationList = 6B09CC7C1C9430D6007281FA /* Build configuration list for PBXProject "Bouncy" */;
			compatibilityVersion = "Xcode 3.2";
			developmentRegion = English;
			hasScannedForEncodings = 0;
			knownRegions = (
				en,
				Base,
			);
			mainGroup = 6B09CC781C9430D6007281FA;
			productRefGroup = 6B09CC821C9430D7007281FA /* Products */;
			projectDirPath = "";
			projectRoot = "";
			targets = (
				6B09CC801C9430D6007281FA /* Bouncy */,
				6B09CC981C9430D7007281FA /* BouncyTests */,
				6B09CCA31C9430D7007281FA /* BouncyUITests */,
			);
		};
/* End PBXProject section */

/* Begin PBXResourcesBuildPhase section */
		6B09CC7F1C9430D6007281FA /* Resources */ = {
			isa = PBXResourcesBuildPhase;
			buildActionMask = 2147483647;
			files = (
				6BD0983D1C9B6E9000F7EE5A /* Levels in Resources */,
				6B09CC871C9430D7007281FA /* GameScene.sks in Resources */,
				6B09CC931C9430D7007281FA /* LaunchScreen.storyboard in Resources */,
				6B3B35D71C946D9F008D49C1 /* texture.atlas in Resources */,
				6B3B35D91C946EB5008D49C1 /* OtherGameScene.sks in Resources */,
				6B09CC901C9430D7007281FA /* Assets.xcassets in Resources */,
				6B09CC8E1C9430D7007281FA /* Main.storyboard in Resources */,
			);
			runOnlyForDeploymentPostprocessing = 0;
		};
		6B09CC971C9430D7007281FA /* Resources */ = {
			isa = PBXResourcesBuildPhase;
			buildActionMask = 2147483647;
			files = (
			);
			runOnlyForDeploymentPostprocessing = 0;
		};
		6B09CCA21C9430D7007281FA /* Resources */ = {
			isa = PBXResourcesBuildPhase;
			buildActionMask = 2147483647;
			files = (
			);
			runOnlyForDeploymentPostprocessing = 0;
		};
/* End PBXResourcesBuildPhase section */

/* Begin PBXSourcesBuildPhase section */
		6B09CC7D1C9430D6007281FA /* Sources */ = {
			isa = PBXSourcesBuildPhase;
			buildActionMask = 2147483647;
			files = (
				6B09CC891C9430D7007281FA /* GameScene.swift in Sources */,
				6B3B35DD1C94725F008D49C1 /* MenuViewController.swift in Sources */,
				6B7BB3C41C985FD600A2D4A1 /* LevelSelectorCVC.swift in Sources */,
				6B3B35DB1C947086008D49C1 /* OtherGameScene.swift in Sources */,
				6B09CC8B1C9430D7007281FA /* GameViewController.swift in Sources */,
				6BD098381C9AD71700F7EE5A /* Stopwatch.swift in Sources */,
				6B09CC851C9430D7007281FA /* AppDelegate.swift in Sources */,
			);
			runOnlyForDeploymentPostprocessing = 0;
		};
		6B09CC951C9430D7007281FA /* Sources */ = {
			isa = PBXSourcesBuildPhase;
			buildActionMask = 2147483647;
			files = (
				6B09CC9E1C9430D7007281FA /* BouncyTests.swift in Sources */,
			);
			runOnlyForDeploymentPostprocessing = 0;
		};
		6B09CCA01C9430D7007281FA /* Sources */ = {
			isa = PBXSourcesBuildPhase;
			buildActionMask = 2147483647;
			files = (
				6B09CCA91C9430D7007281FA /* BouncyUITests.swift in Sources */,
			);
			runOnlyForDeploymentPostprocessing = 0;
		};
/* End PBXSourcesBuildPhase section */

/* Begin PBXTargetDependency section */
		6B09CC9B1C9430D7007281FA /* PBXTargetDependency */ = {
			isa = PBXTargetDependency;
			target = 6B09CC801C9430D6007281FA /* Bouncy */;
			targetProxy = 6B09CC9A1C9430D7007281FA /* PBXContainerItemProxy */;
		};
		6B09CCA61C9430D7007281FA /* PBXTargetDependency */ = {
			isa = PBXTargetDependency;
			target = 6B09CC801C9430D6007281FA /* Bouncy */;
			targetProxy = 6B09CCA51C9430D7007281FA /* PBXContainerItemProxy */;
		};
/* End PBXTargetDependency section */

/* Begin PBXVariantGroup section */
		6B09CC8C1C9430D7007281FA /* Main.storyboard */ = {
			isa = PBXVariantGroup;
			children = (
				6B09CC8D1C9430D7007281FA /* Base */,
			);
			name = Main.storyboard;
			sourceTree = "<group>";
		};
		6B09CC911C9430D7007281FA /* LaunchScreen.storyboard */ = {
			isa = PBXVariantGroup;
			children = (
				6B09CC921C9430D7007281FA /* Base */,
			);
			name = LaunchScreen.storyboard;
			sourceTree = "<group>";
		};
/* End PBXVariantGroup section */

/* Begin XCBuildConfiguration section */
		6B09CCAB1C9430D7007281FA /* Debug */ = {
			isa = XCBuildConfiguration;
			buildSettings = {
				ALWAYS_SEARCH_USER_PATHS = NO;
				CLANG_CXX_LANGUAGE_STANDARD = "gnu++0x";
				CLANG_CXX_LIBRARY = "libc++";
				CLANG_ENABLE_MODULES = YES;
				CLANG_ENABLE_OBJC_ARC = YES;
				CLANG_WARN_BOOL_CONVERSION = YES;
				CLANG_WARN_CONSTANT_CONVERSION = YES;
				CLANG_WARN_DIRECT_OBJC_ISA_USAGE = YES_ERROR;
				CLANG_WARN_EMPTY_BODY = YES;
				CLANG_WARN_ENUM_CONVERSION = YES;
				CLANG_WARN_INT_CONVERSION = YES;
				CLANG_WARN_OBJC_ROOT_CLASS = YES_ERROR;
				CLANG_WARN_UNREACHABLE_CODE = YES;
				CLANG_WARN__DUPLICATE_METHOD_MATCH = YES;
				"CODE_SIGN_IDENTITY[sdk=iphoneos*]" = "iPhone Developer";
				COPY_PHASE_STRIP = NO;
				DEBUG_INFORMATION_FORMAT = "dwarf-with-dsym";
				ENABLE_STRICT_OBJC_MSGSEND = YES;
				ENABLE_TESTABILITY = YES;
				GCC_C_LANGUAGE_STANDARD = gnu99;
				GCC_DYNAMIC_NO_PIC = NO;
				GCC_NO_COMMON_BLOCKS = YES;
				GCC_OPTIMIZATION_LEVEL = 0;
				GCC_PREPROCESSOR_DEFINITIONS = (
					"DEBUG=1",
					"$(inherited)",
				);
				GCC_WARN_64_TO_32_BIT_CONVERSION = YES;
				GCC_WARN_ABOUT_RETURN_TYPE = YES_ERROR;
				GCC_WARN_UNDECLARED_SELECTOR = YES;
				GCC_WARN_UNINITIALIZED_AUTOS = YES_AGGRESSIVE;
				GCC_WARN_UNUSED_FUNCTION = YES;
				GCC_WARN_UNUSED_VARIABLE = YES;
				IPHONEOS_DEPLOYMENT_TARGET = 9.2;
				MTL_ENABLE_DEBUG_INFO = YES;
				ONLY_ACTIVE_ARCH = YES;
				SDKROOT = iphoneos;
				SWIFT_OPTIMIZATION_LEVEL = "-Onone";
			};
			name = Debug;
		};
		6B09CCAC1C9430D7007281FA /* Release */ = {
			isa = XCBuildConfiguration;
			buildSettings = {
				ALWAYS_SEARCH_USER_PATHS = NO;
				CLANG_CXX_LANGUAGE_STANDARD = "gnu++0x";
				CLANG_CXX_LIBRARY = "libc++";
				CLANG_ENABLE_MODULES = YES;
				CLANG_ENABLE_OBJC_ARC = YES;
				CLANG_WARN_BOOL_CONVERSION = YES;
				CLANG_WARN_CONSTANT_CONVERSION = YES;
				CLANG_WARN_DIRECT_OBJC_ISA_USAGE = YES_ERROR;
				CLANG_WARN_EMPTY_BODY = YES;
				CLANG_WARN_ENUM_CONVERSION = YES;
				CLANG_WARN_INT_CONVERSION = YES;
				CLANG_WARN_OBJC_ROOT_CLASS = YES_ERROR;
				CLANG_WARN_UNREACHABLE_CODE = YES;
				CLANG_WARN__DUPLICATE_METHOD_MATCH = YES;
				"CODE_SIGN_IDENTITY[sdk=iphoneos*]" = "iPhone Developer";
				COPY_PHASE_STRIP = NO;
				DEBUG_INFORMATION_FORMAT = "dwarf-with-dsym";
				ENABLE_NS_ASSERTIONS = NO;
				ENABLE_STRICT_OBJC_MSGSEND = YES;
				GCC_C_LANGUAGE_STANDARD = gnu99;
				GCC_NO_COMMON_BLOCKS = YES;
				GCC_WARN_64_TO_32_BIT_CONVERSION = YES;
				GCC_WARN_ABOUT_RETURN_TYPE = YES_ERROR;
				GCC_WARN_UNDECLARED_SELECTOR = YES;
				GCC_WARN_UNINITIALIZED_AUTOS = YES_AGGRESSIVE;
				GCC_WARN_UNUSED_FUNCTION = YES;
				GCC_WARN_UNUSED_VARIABLE = YES;
				IPHONEOS_DEPLOYMENT_TARGET = 9.2;
				MTL_ENABLE_DEBUG_INFO = NO;
				SDKROOT = iphoneos;
				VALIDATE_PRODUCT = YES;
			};
			name = Release;
		};
		6B09CCAE1C9430D7007281FA /* Debug */ = {
			isa = XCBuildConfiguration;
			buildSettings = {
				ASSETCATALOG_COMPILER_APPICON_NAME = AppIcon;
				INFOPLIST_FILE = Bouncy/Info.plist;
				LD_RUNPATH_SEARCH_PATHS = "$(inherited) @executable_path/Frameworks";
				PRODUCT_BUNDLE_IDENTIFIER = com.balkhamissi.Bouncy;
				PRODUCT_NAME = "$(TARGET_NAME)";
			};
			name = Debug;
		};
		6B09CCAF1C9430D7007281FA /* Release */ = {
			isa = XCBuildConfiguration;
			buildSettings = {
				ASSETCATALOG_COMPILER_APPICON_NAME = AppIcon;
				INFOPLIST_FILE = Bouncy/Info.plist;
				LD_RUNPATH_SEARCH_PATHS = "$(inherited) @executable_path/Frameworks";
				PRODUCT_BUNDLE_IDENTIFIER = com.balkhamissi.Bouncy;
				PRODUCT_NAME = "$(TARGET_NAME)";
			};
			name = Release;
		};
		6B09CCB11C9430D7007281FA /* Debug */ = {
			isa = XCBuildConfiguration;
			buildSettings = {
				BUNDLE_LOADER = "$(TEST_HOST)";
				DEBUG_INFORMATION_FORMAT = dwarf;
				INFOPLIST_FILE = BouncyTests/Info.plist;
				LD_RUNPATH_SEARCH_PATHS = "$(inherited) @executable_path/Frameworks @loader_path/Frameworks";
				PRODUCT_BUNDLE_IDENTIFIER = com.balkhamissi.BouncyTests;
				PRODUCT_NAME = "$(TARGET_NAME)";
				TEST_HOST = "$(BUILT_PRODUCTS_DIR)/Bouncy.app/Bouncy";
			};
			name = Debug;
		};
		6B09CCB21C9430D7007281FA /* Release */ = {
			isa = XCBuildConfiguration;
			buildSettings = {
				BUNDLE_LOADER = "$(TEST_HOST)";
				INFOPLIST_FILE = BouncyTests/Info.plist;
				LD_RUNPATH_SEARCH_PATHS = "$(inherited) @executable_path/Frameworks @loader_path/Frameworks";
				PRODUCT_BUNDLE_IDENTIFIER = com.balkhamissi.BouncyTests;
				PRODUCT_NAME = "$(TARGET_NAME)";
				TEST_HOST = "$(BUILT_PRODUCTS_DIR)/Bouncy.app/Bouncy";
			};
			name = Release;
		};
		6B09CCB41C9430D7007281FA /* Debug */ = {
			isa = XCBuildConfiguration;
			buildSettings = {
				DEBUG_INFORMATION_FORMAT = dwarf;
				INFOPLIST_FILE = BouncyUITests/Info.plist;
				LD_RUNPATH_SEARCH_PATHS = "$(inherited) @executable_path/Frameworks @loader_path/Frameworks";
				PRODUCT_BUNDLE_IDENTIFIER = com.balkhamissi.BouncyUITests;
				PRODUCT_NAME = "$(TARGET_NAME)";
				TEST_TARGET_NAME = Bouncy;
				USES_XCTRUNNER = YES;
			};
			name = Debug;
		};
		6B09CCB51C9430D7007281FA /* Release */ = {
			isa = XCBuildConfiguration;
			buildSettings = {
				INFOPLIST_FILE = BouncyUITests/Info.plist;
				LD_RUNPATH_SEARCH_PATHS = "$(inherited) @executable_path/Frameworks @loader_path/Frameworks";
				PRODUCT_BUNDLE_IDENTIFIER = com.balkhamissi.BouncyUITests;
				PRODUCT_NAME = "$(TARGET_NAME)";
				TEST_TARGET_NAME = Bouncy;
				USES_XCTRUNNER = YES;
			};
			name = Release;
		};
/* End XCBuildConfiguration section */

/* Begin XCConfigurationList section */
		6B09CC7C1C9430D6007281FA /* Build configuration list for PBXProject "Bouncy" */ = {
			isa = XCConfigurationList;
			buildConfigurations = (
				6B09CCAB1C9430D7007281FA /* Debug */,
				6B09CCAC1C9430D7007281FA /* Release */,
			);
			defaultConfigurationIsVisible = 0;
			defaultConfigurationName = Release;
		};
		6B09CCAD1C9430D7007281FA /* Build configuration list for PBXNativeTarget "Bouncy" */ = {
			isa = XCConfigurationList;
			buildConfigurations = (
				6B09CCAE1C9430D7007281FA /* Debug */,
				6B09CCAF1C9430D7007281FA /* Release */,
			);
			defaultConfigurationIsVisible = 0;
			defaultConfigurationName = Release;
		};
		6B09CCB01C9430D7007281FA /* Build configuration list for PBXNativeTarget "BouncyTests" */ = {
			isa = XCConfigurationList;
			buildConfigurations = (
				6B09CCB11C9430D7007281FA /* Debug */,
				6B09CCB21C9430D7007281FA /* Release */,
			);
			defaultConfigurationIsVisible = 0;
			defaultConfigurationName = Release;
		};
		6B09CCB31C9430D7007281FA /* Build configuration list for PBXNativeTarget "BouncyUITests" */ = {
			isa = XCConfigurationList;
			buildConfigurations = (
				6B09CCB41C9430D7007281FA /* Debug */,
				6B09CCB51C9430D7007281FA /* Release */,
			);
			defaultConfigurationIsVisible = 0;
			defaultConfigurationName = Release;
		};
/* End XCConfigurationList section */
	};
	rootObject = 6B09CC791C9430D6007281FA /* Project object */;
}
